
Microsoft Visual Studio Solution File, Format Version 12.00
# Visual Studio Version 16
VisualStudioVersion = 16.0.29709.97
MinimumVisualStudioVersion = 10.0.40219.1
Project("{FAE04EC0-301F-11D3-BF4B-00C04F79EFBC}") = "3 dienas MD 2", "3 dienas MD 2.csproj", "{0CF71E5A-D737-42E9-B88D-4F4D6004A1E7}"
EndProject
Global
	GlobalSection(SolutionConfigurationPlatforms) = preSolution
		Debug|Any CPU = Debug|Any CPU
		Release|Any CPU = Release|Any CPU
	EndGlobalSection
	GlobalSection(ProjectConfigurationPlatforms) = postSolution
		{0CF71E5A-D737-42E9-B88D-4F4D6004A1E7}.Debug|Any CPU.ActiveCfg = Debug|Any CPU
		{0CF71E5A-D737-42E9-B88D-4F4D6004A1E7}.Debug|Any CPU.Build.0 = Debug|Any CPU
		{0CF71E5A-D737-42E9-B88D-4F4D6004A1E7}.Release|Any CPU.ActiveCfg = Release|Any CPU
		{0CF71E5A-D737-42E9-B88D-4F4D6004A1E7}.Release|Any CPU.Build.0 = Release|Any CPU
	EndGlobalSection
	GlobalSection(SolutionProperties) = preSolution
		HideSolutionNode = FALSE
	EndGlobalSection
	GlobalSection(ExtensibilityGlobals) = postSolution
		SolutionGuid = {A15EC2AC-CD73-4321-89A2-FA5567423173}
	EndGlobalSection
EndGlobal
