
Microsoft Visual Studio Solution File, Format Version 12.00
# Visual Studio Version 16
VisualStudioVersion = 16.0.29709.97
MinimumVisualStudioVersion = 10.0.40219.1
Project("{FAE04EC0-301F-11D3-BF4B-00C04F79EFBC}") = "2 diena", "2 diena.csproj", "{2E57A072-D0AF-488C-8398-1B2F3BA15F6F}"
EndProject
Global
	GlobalSection(SolutionConfigurationPlatforms) = preSolution
		Debug|Any CPU = Debug|Any CPU
		Release|Any CPU = Release|Any CPU
	EndGlobalSection
	GlobalSection(ProjectConfigurationPlatforms) = postSolution
		{2E57A072-D0AF-488C-8398-1B2F3BA15F6F}.Debug|Any CPU.ActiveCfg = Debug|Any CPU
		{2E57A072-D0AF-488C-8398-1B2F3BA15F6F}.Debug|Any CPU.Build.0 = Debug|Any CPU
		{2E57A072-D0AF-488C-8398-1B2F3BA15F6F}.Release|Any CPU.ActiveCfg = Release|Any CPU
		{2E57A072-D0AF-488C-8398-1B2F3BA15F6F}.Release|Any CPU.Build.0 = Release|Any CPU
	EndGlobalSection
	GlobalSection(SolutionProperties) = preSolution
		HideSolutionNode = FALSE
	EndGlobalSection
	GlobalSection(ExtensibilityGlobals) = postSolution
		SolutionGuid = {4FA52598-A607-4F32-AE45-7D5D2DC1D792}
	EndGlobalSection
EndGlobal
