
Microsoft Visual Studio Solution File, Format Version 12.00
# Visual Studio Version 16
VisualStudioVersion = 16.0.29709.97
MinimumVisualStudioVersion = 10.0.40219.1
Project("{FAE04EC0-301F-11D3-BF4B-00C04F79EFBC}") = "Day 3", "Day 3.csproj", "{37030B24-2EFE-4C96-82A3-E9F06469411D}"
EndProject
Global
	GlobalSection(SolutionConfigurationPlatforms) = preSolution
		Debug|Any CPU = Debug|Any CPU
		Release|Any CPU = Release|Any CPU
	EndGlobalSection
	GlobalSection(ProjectConfigurationPlatforms) = postSolution
		{37030B24-2EFE-4C96-82A3-E9F06469411D}.Debug|Any CPU.ActiveCfg = Debug|Any CPU
		{37030B24-2EFE-4C96-82A3-E9F06469411D}.Debug|Any CPU.Build.0 = Debug|Any CPU
		{37030B24-2EFE-4C96-82A3-E9F06469411D}.Release|Any CPU.ActiveCfg = Release|Any CPU
		{37030B24-2EFE-4C96-82A3-E9F06469411D}.Release|Any CPU.Build.0 = Release|Any CPU
	EndGlobalSection
	GlobalSection(SolutionProperties) = preSolution
		HideSolutionNode = FALSE
	EndGlobalSection
	GlobalSection(ExtensibilityGlobals) = postSolution
		SolutionGuid = {D544E9B4-529A-4F5C-ADEC-AB233942D274}
	EndGlobalSection
EndGlobal
