
Microsoft Visual Studio Solution File, Format Version 12.00
# Visual Studio Version 16
VisualStudioVersion = 16.0.29709.97
MinimumVisualStudioVersion = 10.0.40219.1
Project("{FAE04EC0-301F-11D3-BF4B-00C04F79EFBC}") = "3 diena kda optimizācija", "3 diena kda optimizācija.csproj", "{8928B67A-08F4-4841-8678-A5A7A096201C}"
EndProject
Global
	GlobalSection(SolutionConfigurationPlatforms) = preSolution
		Debug|Any CPU = Debug|Any CPU
		Release|Any CPU = Release|Any CPU
	EndGlobalSection
	GlobalSection(ProjectConfigurationPlatforms) = postSolution
		{8928B67A-08F4-4841-8678-A5A7A096201C}.Debug|Any CPU.ActiveCfg = Debug|Any CPU
		{8928B67A-08F4-4841-8678-A5A7A096201C}.Debug|Any CPU.Build.0 = Debug|Any CPU
		{8928B67A-08F4-4841-8678-A5A7A096201C}.Release|Any CPU.ActiveCfg = Release|Any CPU
		{8928B67A-08F4-4841-8678-A5A7A096201C}.Release|Any CPU.Build.0 = Release|Any CPU
	EndGlobalSection
	GlobalSection(SolutionProperties) = preSolution
		HideSolutionNode = FALSE
	EndGlobalSection
	GlobalSection(ExtensibilityGlobals) = postSolution
		SolutionGuid = {EEFBCE28-A65D-4E55-A3C7-1466E4A507F5}
	EndGlobalSection
EndGlobal
