
Microsoft Visual Studio Solution File, Format Version 12.00
# Visual Studio Version 16
VisualStudioVersion = 16.0.29709.97
MinimumVisualStudioVersion = 10.0.40219.1
Project("{FAE04EC0-301F-11D3-BF4B-00C04F79EFBC}") = "3 diena methods", "3 diena methods.csproj", "{504BAB4A-B28F-49F5-A8C4-F0161B247BC3}"
EndProject
Global
	GlobalSection(SolutionConfigurationPlatforms) = preSolution
		Debug|Any CPU = Debug|Any CPU
		Release|Any CPU = Release|Any CPU
	EndGlobalSection
	GlobalSection(ProjectConfigurationPlatforms) = postSolution
		{504BAB4A-B28F-49F5-A8C4-F0161B247BC3}.Debug|Any CPU.ActiveCfg = Debug|Any CPU
		{504BAB4A-B28F-49F5-A8C4-F0161B247BC3}.Debug|Any CPU.Build.0 = Debug|Any CPU
		{504BAB4A-B28F-49F5-A8C4-F0161B247BC3}.Release|Any CPU.ActiveCfg = Release|Any CPU
		{504BAB4A-B28F-49F5-A8C4-F0161B247BC3}.Release|Any CPU.Build.0 = Release|Any CPU
	EndGlobalSection
	GlobalSection(SolutionProperties) = preSolution
		HideSolutionNode = FALSE
	EndGlobalSection
	GlobalSection(ExtensibilityGlobals) = postSolution
		SolutionGuid = {FE66BA5D-FF86-40B4-9986-77D90D67A95E}
	EndGlobalSection
EndGlobal
