
Microsoft Visual Studio Solution File, Format Version 12.00
# Visual Studio Version 16
VisualStudioVersion = 16.0.29709.97
MinimumVisualStudioVersion = 10.0.40219.1
Project("{FAE04EC0-301F-11D3-BF4B-00C04F79EFBC}") = "4 diena loops", "4 diena loops.csproj", "{521E52E7-60CC-4935-89B3-9345FA8AF0FD}"
EndProject
Global
	GlobalSection(SolutionConfigurationPlatforms) = preSolution
		Debug|Any CPU = Debug|Any CPU
		Release|Any CPU = Release|Any CPU
	EndGlobalSection
	GlobalSection(ProjectConfigurationPlatforms) = postSolution
		{521E52E7-60CC-4935-89B3-9345FA8AF0FD}.Debug|Any CPU.ActiveCfg = Debug|Any CPU
		{521E52E7-60CC-4935-89B3-9345FA8AF0FD}.Debug|Any CPU.Build.0 = Debug|Any CPU
		{521E52E7-60CC-4935-89B3-9345FA8AF0FD}.Release|Any CPU.ActiveCfg = Release|Any CPU
		{521E52E7-60CC-4935-89B3-9345FA8AF0FD}.Release|Any CPU.Build.0 = Release|Any CPU
	EndGlobalSection
	GlobalSection(SolutionProperties) = preSolution
		HideSolutionNode = FALSE
	EndGlobalSection
	GlobalSection(ExtensibilityGlobals) = postSolution
		SolutionGuid = {4367CAD0-B4FD-4326-B516-74C83FCCFD79}
	EndGlobalSection
EndGlobal
