
Microsoft Visual Studio Solution File, Format Version 12.00
# Visual Studio Version 16
VisualStudioVersion = 16.0.29709.97
MinimumVisualStudioVersion = 10.0.40219.1
Project("{FAE04EC0-301F-11D3-BF4B-00C04F79EFBC}") = "1. diena", "1. diena\1. diena.csproj", "{5655CC57-AA21-47C1-9EDB-031B1D892969}"
EndProject
Global
	GlobalSection(SolutionConfigurationPlatforms) = preSolution
		Debug|Any CPU = Debug|Any CPU
		Release|Any CPU = Release|Any CPU
	EndGlobalSection
	GlobalSection(ProjectConfigurationPlatforms) = postSolution
		{5655CC57-AA21-47C1-9EDB-031B1D892969}.Debug|Any CPU.ActiveCfg = Debug|Any CPU
		{5655CC57-AA21-47C1-9EDB-031B1D892969}.Debug|Any CPU.Build.0 = Debug|Any CPU
		{5655CC57-AA21-47C1-9EDB-031B1D892969}.Release|Any CPU.ActiveCfg = Release|Any CPU
		{5655CC57-AA21-47C1-9EDB-031B1D892969}.Release|Any CPU.Build.0 = Release|Any CPU
	EndGlobalSection
	GlobalSection(SolutionProperties) = preSolution
		HideSolutionNode = FALSE
	EndGlobalSection
	GlobalSection(ExtensibilityGlobals) = postSolution
		SolutionGuid = {247E6AF5-EB33-4BD2-A88F-E9B2CE05B592}
	EndGlobalSection
EndGlobal
